Microsoft Visual Studio Solution File, Format Version 8.00
Project("{8BC9CEB8-8B4A-11D0-8D11-00A0C91BC942}") = "FloppyCreator", "FloppyCreator.vcproj", "{398759EA-B626-4292-BC58-52E0BDF200EE}"
	ProjectSection(ProjectDependencies) = postProject
	EndProjectSection
EndProject
Global
	GlobalSection(DPCodeReviewSolutionGUID) = preSolution
		DPCodeReviewSolutionGUID = {00000000-0000-0000-0000-000000000000}
	EndGlobalSection
	GlobalSection(SolutionConfiguration) = preSolution
		Debug = Debug
		Release = Release
	EndGlobalSection
	GlobalSection(ProjectDependencies) = postSolution
	EndGlobalSection
	GlobalSection(ProjectConfiguration) = postSolution
		{398759EA-B626-4292-BC58-52E0BDF200EE}.Debug.ActiveCfg = Debug|Win32
		{398759EA-B626-4292-BC58-52E0BDF200EE}.Debug.Build.0 = Debug|Win32
		{398759EA-B626-4292-BC58-52E0BDF200EE}.Release.ActiveCfg = Release|Win32
		{398759EA-B626-4292-BC58-52E0BDF200EE}.Release.Build.0 = Release|Win32
	EndGlobalSection
	GlobalSection(ExtensibilityGlobals) = postSolution
	EndGlobalSection
	GlobalSection(ExtensibilityAddIns) = postSolution
	EndGlobalSection
EndGlobal
